
Microsoft Visual Studio Solution File, Format Version 12.00
# Visual Studio 14
VisualStudioVersion = 14.0.25420.1
MinimumVisualStudioVersion = 10.0.40219.1
Project("{FAE04EC0-301F-11D3-BF4B-00C04F79EFBC}") = "bubblesort", "bubblesort\bubblesort.csproj", "{83397CA0-4E91-47FC-817D-947B3F08EAAD}"
EndProject
Project("{FAE04EC0-301F-11D3-BF4B-00C04F79EFBC}") = "readfile", "readfile\readfile.csproj", "{CDB66B02-DEA4-4A38-9406-C60657631568}"
EndProject
Project("{FAE04EC0-301F-11D3-BF4B-00C04F79EFBC}") = "cycle", "cycle\cycle.csproj", "{4D120394-D2C0-45DB-9D76-5D4A11705DC0}"
EndProject
Project("{FAE04EC0-301F-11D3-BF4B-00C04F79EFBC}") = "prime", "prime\prime.csproj", "{195FDE3F-DD01-46E6-A28E-67BBFBC60C9D}"
EndProject
Project("{FAE04EC0-301F-11D3-BF4B-00C04F79EFBC}") = "list", "list\list.csproj", "{C817DEBF-91C2-4D4E-BEB9-0D80AC429A93}"
EndProject
Project("{FAE04EC0-301F-11D3-BF4B-00C04F79EFBC}") = "structs", "structs\structs.csproj", "{F236F058-C318-4B9B-9B13-A3E1C566624C}"
EndProject
Project("{FAE04EC0-301F-11D3-BF4B-00C04F79EFBC}") = "structs2", "structs2\structs2.csproj", "{22ABA0F0-053E-48DF-8549-4806D4F858AB}"
EndProject
Project("{FAE04EC0-301F-11D3-BF4B-00C04F79EFBC}") = "oneMigration", "oneMigration\oneMigration.csproj", "{6A32AECF-31C8-4954-9542-5074AA4F8B55}"
EndProject
Project("{FAE04EC0-301F-11D3-BF4B-00C04F79EFBC}") = "interfaces", "interfaces\interfaces.csproj", "{9DC982DA-1EE2-49A8-9A1C-AF7818D22024}"
EndProject
Project("{FAE04EC0-301F-11D3-BF4B-00C04F79EFBC}") = "overrides", "overrides\overrides.csproj", "{D365F725-D73B-4EED-8684-47E0C24DDDFA}"
EndProject
Project("{FAE04EC0-301F-11D3-BF4B-00C04F79EFBC}") = "statics", "statics\statics.csproj", "{4BB8DD3C-B0BB-439F-83CF-655151927167}"
EndProject
Global
	GlobalSection(SolutionConfigurationPlatforms) = preSolution
		Debug|Any CPU = Debug|Any CPU
		Release|Any CPU = Release|Any CPU
	EndGlobalSection
	GlobalSection(ProjectConfigurationPlatforms) = postSolution
		{83397CA0-4E91-47FC-817D-947B3F08EAAD}.Debug|Any CPU.ActiveCfg = Debug|Any CPU
		{83397CA0-4E91-47FC-817D-947B3F08EAAD}.Debug|Any CPU.Build.0 = Debug|Any CPU
		{83397CA0-4E91-47FC-817D-947B3F08EAAD}.Release|Any CPU.ActiveCfg = Release|Any CPU
		{83397CA0-4E91-47FC-817D-947B3F08EAAD}.Release|Any CPU.Build.0 = Release|Any CPU
		{CDB66B02-DEA4-4A38-9406-C60657631568}.Debug|Any CPU.ActiveCfg = Debug|Any CPU
		{CDB66B02-DEA4-4A38-9406-C60657631568}.Debug|Any CPU.Build.0 = Debug|Any CPU
		{CDB66B02-DEA4-4A38-9406-C60657631568}.Release|Any CPU.ActiveCfg = Release|Any CPU
		{CDB66B02-DEA4-4A38-9406-C60657631568}.Release|Any CPU.Build.0 = Release|Any CPU
		{4D120394-D2C0-45DB-9D76-5D4A11705DC0}.Debug|Any CPU.ActiveCfg = Debug|Any CPU
		{4D120394-D2C0-45DB-9D76-5D4A11705DC0}.Debug|Any CPU.Build.0 = Debug|Any CPU
		{4D120394-D2C0-45DB-9D76-5D4A11705DC0}.Release|Any CPU.ActiveCfg = Release|Any CPU
		{4D120394-D2C0-45DB-9D76-5D4A11705DC0}.Release|Any CPU.Build.0 = Release|Any CPU
		{195FDE3F-DD01-46E6-A28E-67BBFBC60C9D}.Debug|Any CPU.ActiveCfg = Debug|Any CPU
		{195FDE3F-DD01-46E6-A28E-67BBFBC60C9D}.Debug|Any CPU.Build.0 = Debug|Any CPU
		{195FDE3F-DD01-46E6-A28E-67BBFBC60C9D}.Release|Any CPU.ActiveCfg = Release|Any CPU
		{195FDE3F-DD01-46E6-A28E-67BBFBC60C9D}.Release|Any CPU.Build.0 = Release|Any CPU
		{C817DEBF-91C2-4D4E-BEB9-0D80AC429A93}.Debug|Any CPU.ActiveCfg = Debug|Any CPU
		{C817DEBF-91C2-4D4E-BEB9-0D80AC429A93}.Debug|Any CPU.Build.0 = Debug|Any CPU
		{C817DEBF-91C2-4D4E-BEB9-0D80AC429A93}.Release|Any CPU.ActiveCfg = Release|Any CPU
		{C817DEBF-91C2-4D4E-BEB9-0D80AC429A93}.Release|Any CPU.Build.0 = Release|Any CPU
		{F236F058-C318-4B9B-9B13-A3E1C566624C}.Debug|Any CPU.ActiveCfg = Debug|Any CPU
		{F236F058-C318-4B9B-9B13-A3E1C566624C}.Debug|Any CPU.Build.0 = Debug|Any CPU
		{F236F058-C318-4B9B-9B13-A3E1C566624C}.Release|Any CPU.ActiveCfg = Release|Any CPU
		{F236F058-C318-4B9B-9B13-A3E1C566624C}.Release|Any CPU.Build.0 = Release|Any CPU
		{22ABA0F0-053E-48DF-8549-4806D4F858AB}.Debug|Any CPU.ActiveCfg = Debug|Any CPU
		{22ABA0F0-053E-48DF-8549-4806D4F858AB}.Debug|Any CPU.Build.0 = Debug|Any CPU
		{22ABA0F0-053E-48DF-8549-4806D4F858AB}.Release|Any CPU.ActiveCfg = Release|Any CPU
		{22ABA0F0-053E-48DF-8549-4806D4F858AB}.Release|Any CPU.Build.0 = Release|Any CPU
		{6A32AECF-31C8-4954-9542-5074AA4F8B55}.Debug|Any CPU.ActiveCfg = Debug|Any CPU
		{6A32AECF-31C8-4954-9542-5074AA4F8B55}.Debug|Any CPU.Build.0 = Debug|Any CPU
		{6A32AECF-31C8-4954-9542-5074AA4F8B55}.Release|Any CPU.ActiveCfg = Release|Any CPU
		{6A32AECF-31C8-4954-9542-5074AA4F8B55}.Release|Any CPU.Build.0 = Release|Any CPU
		{9DC982DA-1EE2-49A8-9A1C-AF7818D22024}.Debug|Any CPU.ActiveCfg = Debug|Any CPU
		{9DC982DA-1EE2-49A8-9A1C-AF7818D22024}.Debug|Any CPU.Build.0 = Debug|Any CPU
		{9DC982DA-1EE2-49A8-9A1C-AF7818D22024}.Release|Any CPU.ActiveCfg = Release|Any CPU
		{9DC982DA-1EE2-49A8-9A1C-AF7818D22024}.Release|Any CPU.Build.0 = Release|Any CPU
		{D365F725-D73B-4EED-8684-47E0C24DDDFA}.Debug|Any CPU.ActiveCfg = Debug|Any CPU
		{D365F725-D73B-4EED-8684-47E0C24DDDFA}.Debug|Any CPU.Build.0 = Debug|Any CPU
		{D365F725-D73B-4EED-8684-47E0C24DDDFA}.Release|Any CPU.ActiveCfg = Release|Any CPU
		{D365F725-D73B-4EED-8684-47E0C24DDDFA}.Release|Any CPU.Build.0 = Release|Any CPU
		{4BB8DD3C-B0BB-439F-83CF-655151927167}.Debug|Any CPU.ActiveCfg = Debug|Any CPU
		{4BB8DD3C-B0BB-439F-83CF-655151927167}.Debug|Any CPU.Build.0 = Debug|Any CPU
		{4BB8DD3C-B0BB-439F-83CF-655151927167}.Release|Any CPU.ActiveCfg = Release|Any CPU
		{4BB8DD3C-B0BB-439F-83CF-655151927167}.Release|Any CPU.Build.0 = Release|Any CPU
	EndGlobalSection
	GlobalSection(SolutionProperties) = preSolution
		HideSolutionNode = FALSE
	EndGlobalSection
EndGlobal
